
Microsoft Visual Studio Solution File, Format Version 12.00
# Visual Studio Version 17
VisualStudioVersion = 17.10.35013.160
MinimumVisualStudioVersion = 10.0.40219.1
Project("{FAE04EC0-301F-11D3-BF4B-00C04F79EFBC}") = "backend-API", "backend-API\backend-API.csproj", "{16D552A4-6A1B-4F91-BCC9-0628572D6930}"
EndProject
Global
	GlobalSection(SolutionConfigurationPlatforms) = preSolution
		Debug|Any CPU = Debug|Any CPU
		Release|Any CPU = Release|Any CPU
	EndGlobalSection
	GlobalSection(ProjectConfigurationPlatforms) = postSolution
		{16D552A4-6A1B-4F91-BCC9-0628572D6930}.Debug|Any CPU.ActiveCfg = Debug|Any CPU
		{16D552A4-6A1B-4F91-BCC9-0628572D6930}.Debug|Any CPU.Build.0 = Debug|Any CPU
		{16D552A4-6A1B-4F91-BCC9-0628572D6930}.Release|Any CPU.ActiveCfg = Release|Any CPU
		{16D552A4-6A1B-4F91-BCC9-0628572D6930}.Release|Any CPU.Build.0 = Release|Any CPU
	EndGlobalSection
	GlobalSection(SolutionProperties) = preSolution
		HideSolutionNode = FALSE
	EndGlobalSection
	GlobalSection(ExtensibilityGlobals) = postSolution
		SolutionGuid = {FC3D76FF-4269-42BE-8F8F-C563FFCDDCF6}
	EndGlobalSection
EndGlobal
